
Microsoft Visual Studio Solution File, Format Version 12.00
# Visual Studio Version 17
VisualStudioVersion = 17.5.002.0
MinimumVisualStudioVersion = 10.0.40219.1
Project("{2150E333-8FDC-42A3-9474-1A3956D46DE8}") = "week01", "week01", "{08BCFD17-5BEE-4FE0-927C-CA48E3F13D54}"
EndProject
Project("{9A19103F-16F7-4668-BE54-9A1E7A4F7556}") = "code", "week01\code\code.csproj", "{F22AB5D1-998A-4364-AE21-93BE08D99DC3}"
EndProject
Project("{9A19103F-16F7-4668-BE54-9A1E7A4F7556}") = "analyze", "week01\analyze\analyze.csproj", "{3A6180C0-6570-4D50-A23D-B37A88442166}"
EndProject
Project("{9A19103F-16F7-4668-BE54-9A1E7A4F7556}") = "teach", "week01\teach\teach.csproj", "{2BBBE289-C5DE-4B8A-A88F-5224D39AE4D2}"
EndProject
Project("{2150E333-8FDC-42A3-9474-1A3956D46DE8}") = "week06", "week06", "{8BE03CC2-94B5-4B21-A1EC-8857AC195BAD}"
EndProject
Project("{9A19103F-16F7-4668-BE54-9A1E7A4F7556}") = "code", "week06\code\code.csproj", "{58ED17B6-3897-4357-BF1C-B12E0421CA38}"
EndProject
Project("{2150E333-8FDC-42A3-9474-1A3956D46DE8}") = "sandbox", "sandbox", "{B80EBC28-F390-4448-A33C-66B3BA9BCA04}"
EndProject
Project("{9A19103F-16F7-4668-BE54-9A1E7A4F7556}") = "sandbox_project", "sandbox\sandbox_project\sandbox_project.csproj", "{6873BC4D-0B49-42A2-A722-FCE540CC93DB}"
EndProject
Project("{2150E333-8FDC-42A3-9474-1A3956D46DE8}") = "week05", "week05", "{7C7E8667-F98E-4C7E-B708-D48FB88976DB}"
EndProject
Project("{9A19103F-16F7-4668-BE54-9A1E7A4F7556}") = "code", "week05\code\code.csproj", "{2D6D8072-15B2-45E8-B9F2-9CC9828316CA}"
EndProject
Project("{2150E333-8FDC-42A3-9474-1A3956D46DE8}") = "week02", "week02", "{6E084004-49B0-4071-9A01-887C46D386D9}"
EndProject
Project("{9A19103F-16F7-4668-BE54-9A1E7A4F7556}") = "learn", "week02\learn\learn.csproj", "{ABDCE5BE-57D2-4CED-9196-9F11FADC4562}"
EndProject
Project("{9A19103F-16F7-4668-BE54-9A1E7A4F7556}") = "code", "week02\code\code.csproj", "{A52A51BB-10B8-4C99-AF7D-92D2C339715D}"
EndProject
Project("{9A19103F-16F7-4668-BE54-9A1E7A4F7556}") = "analyze", "week02\analyze\analyze.csproj", "{49EB65E3-9703-441C-AFD3-E83E5B8CF57D}"
EndProject
Project("{9A19103F-16F7-4668-BE54-9A1E7A4F7556}") = "teach", "week02\teach\teach.csproj", "{5D39B6EB-603F-4AB4-9D71-E38B5846D1EF}"
EndProject
Project("{2150E333-8FDC-42A3-9474-1A3956D46DE8}") = "week03", "week03", "{71A7E63B-6ECC-461E-9308-9D86B8733898}"
EndProject
Project("{9A19103F-16F7-4668-BE54-9A1E7A4F7556}") = "learn", "week03\learn\learn.csproj", "{3DE3C506-6B0C-4EA7-869D-BFC4E79CBF73}"
EndProject
Project("{9A19103F-16F7-4668-BE54-9A1E7A4F7556}") = "code", "week03\code\code.csproj", "{23F18758-EC2D-49E6-BD9D-3C6B9666929F}"
EndProject
Project("{9A19103F-16F7-4668-BE54-9A1E7A4F7556}") = "teach", "week03\teach\teach.csproj", "{8B6C3B5C-990E-4B18-8025-EB1AC43DE361}"
EndProject
Project("{2150E333-8FDC-42A3-9474-1A3956D46DE8}") = "week04", "week04", "{132D819A-DB56-49F4-8F2B-E14C50583895}"
EndProject
Project("{9A19103F-16F7-4668-BE54-9A1E7A4F7556}") = "code", "week04\code\code.csproj", "{B0CEA6BA-B9AA-4599-B45C-723478A7413D}"
EndProject
Global
	GlobalSection(SolutionConfigurationPlatforms) = preSolution
		Debug|Any CPU = Debug|Any CPU
		Release|Any CPU = Release|Any CPU
	EndGlobalSection
	GlobalSection(ProjectConfigurationPlatforms) = postSolution
		{F22AB5D1-998A-4364-AE21-93BE08D99DC3}.Debug|Any CPU.ActiveCfg = Debug|Any CPU
		{F22AB5D1-998A-4364-AE21-93BE08D99DC3}.Debug|Any CPU.Build.0 = Debug|Any CPU
		{F22AB5D1-998A-4364-AE21-93BE08D99DC3}.Release|Any CPU.ActiveCfg = Release|Any CPU
		{F22AB5D1-998A-4364-AE21-93BE08D99DC3}.Release|Any CPU.Build.0 = Release|Any CPU
		{3A6180C0-6570-4D50-A23D-B37A88442166}.Debug|Any CPU.ActiveCfg = Debug|Any CPU
		{3A6180C0-6570-4D50-A23D-B37A88442166}.Debug|Any CPU.Build.0 = Debug|Any CPU
		{3A6180C0-6570-4D50-A23D-B37A88442166}.Release|Any CPU.ActiveCfg = Release|Any CPU
		{3A6180C0-6570-4D50-A23D-B37A88442166}.Release|Any CPU.Build.0 = Release|Any CPU
		{2BBBE289-C5DE-4B8A-A88F-5224D39AE4D2}.Debug|Any CPU.ActiveCfg = Debug|Any CPU
		{2BBBE289-C5DE-4B8A-A88F-5224D39AE4D2}.Debug|Any CPU.Build.0 = Debug|Any CPU
		{2BBBE289-C5DE-4B8A-A88F-5224D39AE4D2}.Release|Any CPU.ActiveCfg = Release|Any CPU
		{2BBBE289-C5DE-4B8A-A88F-5224D39AE4D2}.Release|Any CPU.Build.0 = Release|Any CPU
		{58ED17B6-3897-4357-BF1C-B12E0421CA38}.Debug|Any CPU.ActiveCfg = Debug|Any CPU
		{58ED17B6-3897-4357-BF1C-B12E0421CA38}.Debug|Any CPU.Build.0 = Debug|Any CPU
		{58ED17B6-3897-4357-BF1C-B12E0421CA38}.Release|Any CPU.ActiveCfg = Release|Any CPU
		{58ED17B6-3897-4357-BF1C-B12E0421CA38}.Release|Any CPU.Build.0 = Release|Any CPU
		{6873BC4D-0B49-42A2-A722-FCE540CC93DB}.Debug|Any CPU.ActiveCfg = Debug|Any CPU
		{6873BC4D-0B49-42A2-A722-FCE540CC93DB}.Debug|Any CPU.Build.0 = Debug|Any CPU
		{6873BC4D-0B49-42A2-A722-FCE540CC93DB}.Release|Any CPU.ActiveCfg = Release|Any CPU
		{6873BC4D-0B49-42A2-A722-FCE540CC93DB}.Release|Any CPU.Build.0 = Release|Any CPU
		{2D6D8072-15B2-45E8-B9F2-9CC9828316CA}.Debug|Any CPU.ActiveCfg = Debug|Any CPU
		{2D6D8072-15B2-45E8-B9F2-9CC9828316CA}.Debug|Any CPU.Build.0 = Debug|Any CPU
		{2D6D8072-15B2-45E8-B9F2-9CC9828316CA}.Release|Any CPU.ActiveCfg = Release|Any CPU
		{2D6D8072-15B2-45E8-B9F2-9CC9828316CA}.Release|Any CPU.Build.0 = Release|Any CPU
		{ABDCE5BE-57D2-4CED-9196-9F11FADC4562}.Debug|Any CPU.ActiveCfg = Debug|Any CPU
		{ABDCE5BE-57D2-4CED-9196-9F11FADC4562}.Debug|Any CPU.Build.0 = Debug|Any CPU
		{ABDCE5BE-57D2-4CED-9196-9F11FADC4562}.Release|Any CPU.ActiveCfg = Release|Any CPU
		{ABDCE5BE-57D2-4CED-9196-9F11FADC4562}.Release|Any CPU.Build.0 = Release|Any CPU
		{A52A51BB-10B8-4C99-AF7D-92D2C339715D}.Debug|Any CPU.ActiveCfg = Debug|Any CPU
		{A52A51BB-10B8-4C99-AF7D-92D2C339715D}.Debug|Any CPU.Build.0 = Debug|Any CPU
		{A52A51BB-10B8-4C99-AF7D-92D2C339715D}.Release|Any CPU.ActiveCfg = Release|Any CPU
		{A52A51BB-10B8-4C99-AF7D-92D2C339715D}.Release|Any CPU.Build.0 = Release|Any CPU
		{49EB65E3-9703-441C-AFD3-E83E5B8CF57D}.Debug|Any CPU.ActiveCfg = Debug|Any CPU
		{49EB65E3-9703-441C-AFD3-E83E5B8CF57D}.Debug|Any CPU.Build.0 = Debug|Any CPU
		{49EB65E3-9703-441C-AFD3-E83E5B8CF57D}.Release|Any CPU.ActiveCfg = Release|Any CPU
		{49EB65E3-9703-441C-AFD3-E83E5B8CF57D}.Release|Any CPU.Build.0 = Release|Any CPU
		{5D39B6EB-603F-4AB4-9D71-E38B5846D1EF}.Debug|Any CPU.ActiveCfg = Debug|Any CPU
		{5D39B6EB-603F-4AB4-9D71-E38B5846D1EF}.Debug|Any CPU.Build.0 = Debug|Any CPU
		{5D39B6EB-603F-4AB4-9D71-E38B5846D1EF}.Release|Any CPU.ActiveCfg = Release|Any CPU
		{5D39B6EB-603F-4AB4-9D71-E38B5846D1EF}.Release|Any CPU.Build.0 = Release|Any CPU
		{3DE3C506-6B0C-4EA7-869D-BFC4E79CBF73}.Debug|Any CPU.ActiveCfg = Debug|Any CPU
		{3DE3C506-6B0C-4EA7-869D-BFC4E79CBF73}.Debug|Any CPU.Build.0 = Debug|Any CPU
		{3DE3C506-6B0C-4EA7-869D-BFC4E79CBF73}.Release|Any CPU.ActiveCfg = Release|Any CPU
		{3DE3C506-6B0C-4EA7-869D-BFC4E79CBF73}.Release|Any CPU.Build.0 = Release|Any CPU
		{23F18758-EC2D-49E6-BD9D-3C6B9666929F}.Debug|Any CPU.ActiveCfg = Debug|Any CPU
		{23F18758-EC2D-49E6-BD9D-3C6B9666929F}.Debug|Any CPU.Build.0 = Debug|Any CPU
		{23F18758-EC2D-49E6-BD9D-3C6B9666929F}.Release|Any CPU.ActiveCfg = Release|Any CPU
		{23F18758-EC2D-49E6-BD9D-3C6B9666929F}.Release|Any CPU.Build.0 = Release|Any CPU
		{8B6C3B5C-990E-4B18-8025-EB1AC43DE361}.Debug|Any CPU.ActiveCfg = Debug|Any CPU
		{8B6C3B5C-990E-4B18-8025-EB1AC43DE361}.Debug|Any CPU.Build.0 = Debug|Any CPU
		{8B6C3B5C-990E-4B18-8025-EB1AC43DE361}.Release|Any CPU.ActiveCfg = Release|Any CPU
		{8B6C3B5C-990E-4B18-8025-EB1AC43DE361}.Release|Any CPU.Build.0 = Release|Any CPU
		{B0CEA6BA-B9AA-4599-B45C-723478A7413D}.Debug|Any CPU.ActiveCfg = Debug|Any CPU
		{B0CEA6BA-B9AA-4599-B45C-723478A7413D}.Debug|Any CPU.Build.0 = Debug|Any CPU
		{B0CEA6BA-B9AA-4599-B45C-723478A7413D}.Release|Any CPU.ActiveCfg = Release|Any CPU
		{B0CEA6BA-B9AA-4599-B45C-723478A7413D}.Release|Any CPU.Build.0 = Release|Any CPU
	EndGlobalSection
	GlobalSection(SolutionProperties) = preSolution
		HideSolutionNode = FALSE
	EndGlobalSection
	GlobalSection(NestedProjects) = preSolution
		{F22AB5D1-998A-4364-AE21-93BE08D99DC3} = {08BCFD17-5BEE-4FE0-927C-CA48E3F13D54}
		{3A6180C0-6570-4D50-A23D-B37A88442166} = {08BCFD17-5BEE-4FE0-927C-CA48E3F13D54}
		{2BBBE289-C5DE-4B8A-A88F-5224D39AE4D2} = {08BCFD17-5BEE-4FE0-927C-CA48E3F13D54}
		{58ED17B6-3897-4357-BF1C-B12E0421CA38} = {8BE03CC2-94B5-4B21-A1EC-8857AC195BAD}
		{6873BC4D-0B49-42A2-A722-FCE540CC93DB} = {B80EBC28-F390-4448-A33C-66B3BA9BCA04}
		{2D6D8072-15B2-45E8-B9F2-9CC9828316CA} = {7C7E8667-F98E-4C7E-B708-D48FB88976DB}
		{ABDCE5BE-57D2-4CED-9196-9F11FADC4562} = {6E084004-49B0-4071-9A01-887C46D386D9}
		{A52A51BB-10B8-4C99-AF7D-92D2C339715D} = {6E084004-49B0-4071-9A01-887C46D386D9}
		{49EB65E3-9703-441C-AFD3-E83E5B8CF57D} = {6E084004-49B0-4071-9A01-887C46D386D9}
		{5D39B6EB-603F-4AB4-9D71-E38B5846D1EF} = {6E084004-49B0-4071-9A01-887C46D386D9}
		{3DE3C506-6B0C-4EA7-869D-BFC4E79CBF73} = {71A7E63B-6ECC-461E-9308-9D86B8733898}
		{23F18758-EC2D-49E6-BD9D-3C6B9666929F} = {71A7E63B-6ECC-461E-9308-9D86B8733898}
		{8B6C3B5C-990E-4B18-8025-EB1AC43DE361} = {71A7E63B-6ECC-461E-9308-9D86B8733898}
		{B0CEA6BA-B9AA-4599-B45C-723478A7413D} = {132D819A-DB56-49F4-8F2B-E14C50583895}
	EndGlobalSection
	GlobalSection(ExtensibilityGlobals) = postSolution
		SolutionGuid = {55102FEA-23DA-4422-A293-25E6FA2A8E33}
	EndGlobalSection
EndGlobal
